
Microsoft Visual Studio Solution File, Format Version 12.00
# Visual Studio Version 17
VisualStudioVersion = 17.0.31903.59
MinimumVisualStudioVersion = 10.0.40219.1
Project("{2150E333-8FDC-42A3-9474-1A3956D46DE8}") = "social", "social", "{58F0DB3D-1ED1-4DCF-AE54-504774CE9894}"
EndProject
Project("{2150E333-8FDC-42A3-9474-1A3956D46DE8}") = "linkedin", "linkedin", "{5B77DAE1-6256-420F-8100-19E2025BFFD1}"
EndProject
Project("{2150E333-8FDC-42A3-9474-1A3956D46DE8}") = "src", "src", "{AB37BFE9-9134-455B-8F6F-0CF7B1AD307B}"
EndProject
Project("{2150E333-8FDC-42A3-9474-1A3956D46DE8}") = "tests", "tests", "{3B68A29B-BC6A-4B29-BD27-C58A4CAAED0C}"
EndProject
Project("{FAE04EC0-301F-11D3-BF4B-00C04F79EFBC}") = "Annium.Integrations.Social.LinkedIn", "social\linkedin\src\Annium.Integrations.Social.LinkedIn\Annium.Integrations.Social.LinkedIn.csproj", "{367E8D28-262E-4F44-8ED3-9B37D4983D48}"
EndProject
Project("{FAE04EC0-301F-11D3-BF4B-00C04F79EFBC}") = "Annium.Integrations.Social.LinkedIn.Tests", "social\linkedin\tests\Annium.Integrations.Social.LinkedIn.Tests\Annium.Integrations.Social.LinkedIn.Tests.csproj", "{7A6717A8-B8F7-43A6-9667-4CEEF19057B5}"
EndProject
Project("{2150E333-8FDC-42A3-9474-1A3956D46DE8}") = "telegram", "telegram", "{93C170B6-ADD3-4F8F-A5B7-2529B9894C11}"
EndProject
Project("{2150E333-8FDC-42A3-9474-1A3956D46DE8}") = "src", "src", "{2EBA2D18-CC8A-4205-914B-3CBE06CC7C7B}"
EndProject
Project("{2150E333-8FDC-42A3-9474-1A3956D46DE8}") = "demo", "demo", "{88A5B07A-7649-4AE4-9CB7-58CDC707651F}"
EndProject
Project("{FAE04EC0-301F-11D3-BF4B-00C04F79EFBC}") = "Annium.Integrations.Social.Telegram", "social\telegram\src\Annium.Integrations.Social.Telegram\Annium.Integrations.Social.Telegram.csproj", "{D46287BA-174E-49D2-94B6-2AD92382C0D6}"
EndProject
Project("{FAE04EC0-301F-11D3-BF4B-00C04F79EFBC}") = "Annium.Integrations.Social.Telegram.Demo.Obsolete", "social\telegram\demo\Annium.Integrations.Social.Telegram.Demo.Obsolete\Annium.Integrations.Social.Telegram.Demo.Obsolete.csproj", "{13BB5976-87C2-4CB9-A0F6-E5F1812C4582}"
EndProject
Project("{FAE04EC0-301F-11D3-BF4B-00C04F79EFBC}") = "Annium.Integrations.Social.Telegram.Obsolete", "social\telegram\src\Annium.Integrations.Social.Telegram.Obsolete\Annium.Integrations.Social.Telegram.Obsolete.csproj", "{AF5D458A-7065-407C-AAA4-32E833D87373}"
EndProject
Project("{FAE04EC0-301F-11D3-BF4B-00C04F79EFBC}") = "Annium.Integrations.Social.Telegram.Demo", "social\telegram\demo\Annium.Integrations.Social.Telegram.Demo\Annium.Integrations.Social.Telegram.Demo.csproj", "{734F1C2C-DFD8-4D06-8DDB-BE91BC526073}"
EndProject
Global
	GlobalSection(SolutionConfigurationPlatforms) = preSolution
		Debug|Any CPU = Debug|Any CPU
		Release|Any CPU = Release|Any CPU
	EndGlobalSection
	GlobalSection(SolutionProperties) = preSolution
		HideSolutionNode = FALSE
	EndGlobalSection
	GlobalSection(NestedProjects) = preSolution
		{5B77DAE1-6256-420F-8100-19E2025BFFD1} = {58F0DB3D-1ED1-4DCF-AE54-504774CE9894}
		{AB37BFE9-9134-455B-8F6F-0CF7B1AD307B} = {5B77DAE1-6256-420F-8100-19E2025BFFD1}
		{3B68A29B-BC6A-4B29-BD27-C58A4CAAED0C} = {5B77DAE1-6256-420F-8100-19E2025BFFD1}
		{367E8D28-262E-4F44-8ED3-9B37D4983D48} = {AB37BFE9-9134-455B-8F6F-0CF7B1AD307B}
		{7A6717A8-B8F7-43A6-9667-4CEEF19057B5} = {3B68A29B-BC6A-4B29-BD27-C58A4CAAED0C}
		{93C170B6-ADD3-4F8F-A5B7-2529B9894C11} = {58F0DB3D-1ED1-4DCF-AE54-504774CE9894}
		{2EBA2D18-CC8A-4205-914B-3CBE06CC7C7B} = {93C170B6-ADD3-4F8F-A5B7-2529B9894C11}
		{88A5B07A-7649-4AE4-9CB7-58CDC707651F} = {93C170B6-ADD3-4F8F-A5B7-2529B9894C11}
		{D46287BA-174E-49D2-94B6-2AD92382C0D6} = {2EBA2D18-CC8A-4205-914B-3CBE06CC7C7B}
		{13BB5976-87C2-4CB9-A0F6-E5F1812C4582} = {88A5B07A-7649-4AE4-9CB7-58CDC707651F}
		{AF5D458A-7065-407C-AAA4-32E833D87373} = {2EBA2D18-CC8A-4205-914B-3CBE06CC7C7B}
		{734F1C2C-DFD8-4D06-8DDB-BE91BC526073} = {88A5B07A-7649-4AE4-9CB7-58CDC707651F}
	EndGlobalSection
	GlobalSection(ProjectConfigurationPlatforms) = postSolution
		{367E8D28-262E-4F44-8ED3-9B37D4983D48}.Debug|Any CPU.ActiveCfg = Debug|Any CPU
		{367E8D28-262E-4F44-8ED3-9B37D4983D48}.Debug|Any CPU.Build.0 = Debug|Any CPU
		{367E8D28-262E-4F44-8ED3-9B37D4983D48}.Release|Any CPU.ActiveCfg = Release|Any CPU
		{367E8D28-262E-4F44-8ED3-9B37D4983D48}.Release|Any CPU.Build.0 = Release|Any CPU
		{7A6717A8-B8F7-43A6-9667-4CEEF19057B5}.Debug|Any CPU.ActiveCfg = Debug|Any CPU
		{7A6717A8-B8F7-43A6-9667-4CEEF19057B5}.Debug|Any CPU.Build.0 = Debug|Any CPU
		{7A6717A8-B8F7-43A6-9667-4CEEF19057B5}.Release|Any CPU.ActiveCfg = Release|Any CPU
		{7A6717A8-B8F7-43A6-9667-4CEEF19057B5}.Release|Any CPU.Build.0 = Release|Any CPU
		{D46287BA-174E-49D2-94B6-2AD92382C0D6}.Debug|Any CPU.ActiveCfg = Debug|Any CPU
		{D46287BA-174E-49D2-94B6-2AD92382C0D6}.Debug|Any CPU.Build.0 = Debug|Any CPU
		{D46287BA-174E-49D2-94B6-2AD92382C0D6}.Release|Any CPU.ActiveCfg = Release|Any CPU
		{D46287BA-174E-49D2-94B6-2AD92382C0D6}.Release|Any CPU.Build.0 = Release|Any CPU
		{13BB5976-87C2-4CB9-A0F6-E5F1812C4582}.Debug|Any CPU.ActiveCfg = Debug|Any CPU
		{13BB5976-87C2-4CB9-A0F6-E5F1812C4582}.Debug|Any CPU.Build.0 = Debug|Any CPU
		{13BB5976-87C2-4CB9-A0F6-E5F1812C4582}.Release|Any CPU.ActiveCfg = Release|Any CPU
		{13BB5976-87C2-4CB9-A0F6-E5F1812C4582}.Release|Any CPU.Build.0 = Release|Any CPU
		{AF5D458A-7065-407C-AAA4-32E833D87373}.Debug|Any CPU.ActiveCfg = Debug|Any CPU
		{AF5D458A-7065-407C-AAA4-32E833D87373}.Debug|Any CPU.Build.0 = Debug|Any CPU
		{AF5D458A-7065-407C-AAA4-32E833D87373}.Release|Any CPU.ActiveCfg = Release|Any CPU
		{AF5D458A-7065-407C-AAA4-32E833D87373}.Release|Any CPU.Build.0 = Release|Any CPU
		{734F1C2C-DFD8-4D06-8DDB-BE91BC526073}.Debug|Any CPU.ActiveCfg = Debug|Any CPU
		{734F1C2C-DFD8-4D06-8DDB-BE91BC526073}.Debug|Any CPU.Build.0 = Debug|Any CPU
		{734F1C2C-DFD8-4D06-8DDB-BE91BC526073}.Release|Any CPU.ActiveCfg = Release|Any CPU
		{734F1C2C-DFD8-4D06-8DDB-BE91BC526073}.Release|Any CPU.Build.0 = Release|Any CPU
	EndGlobalSection
EndGlobal
