
Microsoft Visual Studio Solution File, Format Version 12.00
# Visual Studio Version 17
VisualStudioVersion = 17.0.31903.59
MinimumVisualStudioVersion = 10.0.40219.1
Project("{2150E333-8FDC-42A3-9474-1A3956D46DE8}") = "ai", "ai", "{BA58FF10-E1F2-1F22-EED5-4647CFF8BF60}"
EndProject
Project("{2150E333-8FDC-42A3-9474-1A3956D46DE8}") = "openai", "openai", "{0F47CB6B-9349-8613-A669-BABFD607476F}"
EndProject
Project("{2150E333-8FDC-42A3-9474-1A3956D46DE8}") = "src", "src", "{45D0209D-3EA7-7E0A-C4F8-A7CA5C713E86}"
EndProject
Project("{FAE04EC0-301F-11D3-BF4B-00C04F79EFBC}") = "Annium.Integrations.AI.OpenAI", "ai\openai\src\Annium.Integrations.AI.OpenAI\Annium.Integrations.AI.OpenAI.csproj", "{1BE47E70-28A2-41AC-8912-C8728434EBEC}"
EndProject
Project("{2150E333-8FDC-42A3-9474-1A3956D46DE8}") = "tests", "tests", "{7091F4AE-BA0F-250C-82BF-97EBFCE88D34}"
EndProject
Project("{FAE04EC0-301F-11D3-BF4B-00C04F79EFBC}") = "Annium.Integrations.Ai.OpenAI.Tests", "ai\openai\tests\Annium.Integrations.Ai.OpenAI.Tests\Annium.Integrations.Ai.OpenAI.Tests.csproj", "{151A8A2C-8C5C-42CA-B536-33341CAD8519}"
EndProject
Project("{2150E333-8FDC-42A3-9474-1A3956D46DE8}") = "social", "social", "{B37F513C-AEF7-945D-415B-4E2ADC1C5611}"
EndProject
Project("{2150E333-8FDC-42A3-9474-1A3956D46DE8}") = "telegram", "telegram", "{8857EE48-620A-BC71-0B98-D4DFA992C310}"
EndProject
Project("{2150E333-8FDC-42A3-9474-1A3956D46DE8}") = "src", "src", "{50E49CCB-F8F7-C220-B6E6-C4FDB4C586BA}"
EndProject
Project("{FAE04EC0-301F-11D3-BF4B-00C04F79EFBC}") = "Annium.Integrations.Social.Telegram", "social\telegram\src\Annium.Integrations.Social.Telegram\Annium.Integrations.Social.Telegram.csproj", "{29EA59D4-47C5-4C73-B0C8-BBCC1C7AD2F4}"
EndProject
Project("{2150E333-8FDC-42A3-9474-1A3956D46DE8}") = "demo", "demo", "{6FC337FC-8A2F-6D1A-040E-67090AC5C550}"
EndProject
Project("{FAE04EC0-301F-11D3-BF4B-00C04F79EFBC}") = "Annium.Integrations.Social.Telegram.Demo", "social\telegram\demo\Annium.Integrations.Social.Telegram.Demo\Annium.Integrations.Social.Telegram.Demo.csproj", "{90E96FCC-3BC1-490A-872F-BE1845D61663}"
EndProject
Project("{FAE04EC0-301F-11D3-BF4B-00C04F79EFBC}") = "Annium.Integrations.Social.Telegram.Demo.Obsolete", "social\telegram\demo\Annium.Integrations.Social.Telegram.Demo.Obsolete\Annium.Integrations.Social.Telegram.Demo.Obsolete.csproj", "{1F0B46A0-82A5-423E-A565-C88A9F5C93E6}"
EndProject
Project("{FAE04EC0-301F-11D3-BF4B-00C04F79EFBC}") = "Annium.Integrations.Social.Telegram.Obsolete", "social\telegram\src\Annium.Integrations.Social.Telegram.Obsolete\Annium.Integrations.Social.Telegram.Obsolete.csproj", "{1AB55A5A-CDD2-4146-AD45-B829C3D37010}"
EndProject
Global
	GlobalSection(SolutionConfigurationPlatforms) = preSolution
		Debug|Any CPU = Debug|Any CPU
		Debug|x64 = Debug|x64
		Debug|x86 = Debug|x86
		Release|Any CPU = Release|Any CPU
		Release|x64 = Release|x64
		Release|x86 = Release|x86
	EndGlobalSection
	GlobalSection(ProjectConfigurationPlatforms) = postSolution
		{1BE47E70-28A2-41AC-8912-C8728434EBEC}.Debug|Any CPU.ActiveCfg = Debug|Any CPU
		{1BE47E70-28A2-41AC-8912-C8728434EBEC}.Debug|Any CPU.Build.0 = Debug|Any CPU
		{1BE47E70-28A2-41AC-8912-C8728434EBEC}.Debug|x64.ActiveCfg = Debug|Any CPU
		{1BE47E70-28A2-41AC-8912-C8728434EBEC}.Debug|x64.Build.0 = Debug|Any CPU
		{1BE47E70-28A2-41AC-8912-C8728434EBEC}.Debug|x86.ActiveCfg = Debug|Any CPU
		{1BE47E70-28A2-41AC-8912-C8728434EBEC}.Debug|x86.Build.0 = Debug|Any CPU
		{1BE47E70-28A2-41AC-8912-C8728434EBEC}.Release|Any CPU.ActiveCfg = Release|Any CPU
		{1BE47E70-28A2-41AC-8912-C8728434EBEC}.Release|Any CPU.Build.0 = Release|Any CPU
		{1BE47E70-28A2-41AC-8912-C8728434EBEC}.Release|x64.ActiveCfg = Release|Any CPU
		{1BE47E70-28A2-41AC-8912-C8728434EBEC}.Release|x64.Build.0 = Release|Any CPU
		{1BE47E70-28A2-41AC-8912-C8728434EBEC}.Release|x86.ActiveCfg = Release|Any CPU
		{1BE47E70-28A2-41AC-8912-C8728434EBEC}.Release|x86.Build.0 = Release|Any CPU
		{151A8A2C-8C5C-42CA-B536-33341CAD8519}.Debug|Any CPU.ActiveCfg = Debug|Any CPU
		{151A8A2C-8C5C-42CA-B536-33341CAD8519}.Debug|Any CPU.Build.0 = Debug|Any CPU
		{151A8A2C-8C5C-42CA-B536-33341CAD8519}.Debug|x64.ActiveCfg = Debug|Any CPU
		{151A8A2C-8C5C-42CA-B536-33341CAD8519}.Debug|x64.Build.0 = Debug|Any CPU
		{151A8A2C-8C5C-42CA-B536-33341CAD8519}.Debug|x86.ActiveCfg = Debug|Any CPU
		{151A8A2C-8C5C-42CA-B536-33341CAD8519}.Debug|x86.Build.0 = Debug|Any CPU
		{151A8A2C-8C5C-42CA-B536-33341CAD8519}.Release|Any CPU.ActiveCfg = Release|Any CPU
		{151A8A2C-8C5C-42CA-B536-33341CAD8519}.Release|Any CPU.Build.0 = Release|Any CPU
		{151A8A2C-8C5C-42CA-B536-33341CAD8519}.Release|x64.ActiveCfg = Release|Any CPU
		{151A8A2C-8C5C-42CA-B536-33341CAD8519}.Release|x64.Build.0 = Release|Any CPU
		{151A8A2C-8C5C-42CA-B536-33341CAD8519}.Release|x86.ActiveCfg = Release|Any CPU
		{151A8A2C-8C5C-42CA-B536-33341CAD8519}.Release|x86.Build.0 = Release|Any CPU
		{29EA59D4-47C5-4C73-B0C8-BBCC1C7AD2F4}.Debug|Any CPU.ActiveCfg = Debug|Any CPU
		{29EA59D4-47C5-4C73-B0C8-BBCC1C7AD2F4}.Debug|Any CPU.Build.0 = Debug|Any CPU
		{29EA59D4-47C5-4C73-B0C8-BBCC1C7AD2F4}.Debug|x64.ActiveCfg = Debug|Any CPU
		{29EA59D4-47C5-4C73-B0C8-BBCC1C7AD2F4}.Debug|x64.Build.0 = Debug|Any CPU
		{29EA59D4-47C5-4C73-B0C8-BBCC1C7AD2F4}.Debug|x86.ActiveCfg = Debug|Any CPU
		{29EA59D4-47C5-4C73-B0C8-BBCC1C7AD2F4}.Debug|x86.Build.0 = Debug|Any CPU
		{29EA59D4-47C5-4C73-B0C8-BBCC1C7AD2F4}.Release|Any CPU.ActiveCfg = Release|Any CPU
		{29EA59D4-47C5-4C73-B0C8-BBCC1C7AD2F4}.Release|Any CPU.Build.0 = Release|Any CPU
		{29EA59D4-47C5-4C73-B0C8-BBCC1C7AD2F4}.Release|x64.ActiveCfg = Release|Any CPU
		{29EA59D4-47C5-4C73-B0C8-BBCC1C7AD2F4}.Release|x64.Build.0 = Release|Any CPU
		{29EA59D4-47C5-4C73-B0C8-BBCC1C7AD2F4}.Release|x86.ActiveCfg = Release|Any CPU
		{29EA59D4-47C5-4C73-B0C8-BBCC1C7AD2F4}.Release|x86.Build.0 = Release|Any CPU
		{90E96FCC-3BC1-490A-872F-BE1845D61663}.Debug|Any CPU.ActiveCfg = Debug|Any CPU
		{90E96FCC-3BC1-490A-872F-BE1845D61663}.Debug|Any CPU.Build.0 = Debug|Any CPU
		{90E96FCC-3BC1-490A-872F-BE1845D61663}.Debug|x64.ActiveCfg = Debug|Any CPU
		{90E96FCC-3BC1-490A-872F-BE1845D61663}.Debug|x64.Build.0 = Debug|Any CPU
		{90E96FCC-3BC1-490A-872F-BE1845D61663}.Debug|x86.ActiveCfg = Debug|Any CPU
		{90E96FCC-3BC1-490A-872F-BE1845D61663}.Debug|x86.Build.0 = Debug|Any CPU
		{90E96FCC-3BC1-490A-872F-BE1845D61663}.Release|Any CPU.ActiveCfg = Release|Any CPU
		{90E96FCC-3BC1-490A-872F-BE1845D61663}.Release|Any CPU.Build.0 = Release|Any CPU
		{90E96FCC-3BC1-490A-872F-BE1845D61663}.Release|x64.ActiveCfg = Release|Any CPU
		{90E96FCC-3BC1-490A-872F-BE1845D61663}.Release|x64.Build.0 = Release|Any CPU
		{90E96FCC-3BC1-490A-872F-BE1845D61663}.Release|x86.ActiveCfg = Release|Any CPU
		{90E96FCC-3BC1-490A-872F-BE1845D61663}.Release|x86.Build.0 = Release|Any CPU
		{1F0B46A0-82A5-423E-A565-C88A9F5C93E6}.Debug|Any CPU.ActiveCfg = Debug|Any CPU
		{1F0B46A0-82A5-423E-A565-C88A9F5C93E6}.Debug|Any CPU.Build.0 = Debug|Any CPU
		{1F0B46A0-82A5-423E-A565-C88A9F5C93E6}.Debug|x64.ActiveCfg = Debug|Any CPU
		{1F0B46A0-82A5-423E-A565-C88A9F5C93E6}.Debug|x64.Build.0 = Debug|Any CPU
		{1F0B46A0-82A5-423E-A565-C88A9F5C93E6}.Debug|x86.ActiveCfg = Debug|Any CPU
		{1F0B46A0-82A5-423E-A565-C88A9F5C93E6}.Debug|x86.Build.0 = Debug|Any CPU
		{1F0B46A0-82A5-423E-A565-C88A9F5C93E6}.Release|Any CPU.ActiveCfg = Release|Any CPU
		{1F0B46A0-82A5-423E-A565-C88A9F5C93E6}.Release|Any CPU.Build.0 = Release|Any CPU
		{1F0B46A0-82A5-423E-A565-C88A9F5C93E6}.Release|x64.ActiveCfg = Release|Any CPU
		{1F0B46A0-82A5-423E-A565-C88A9F5C93E6}.Release|x64.Build.0 = Release|Any CPU
		{1F0B46A0-82A5-423E-A565-C88A9F5C93E6}.Release|x86.ActiveCfg = Release|Any CPU
		{1F0B46A0-82A5-423E-A565-C88A9F5C93E6}.Release|x86.Build.0 = Release|Any CPU
		{1AB55A5A-CDD2-4146-AD45-B829C3D37010}.Debug|Any CPU.ActiveCfg = Debug|Any CPU
		{1AB55A5A-CDD2-4146-AD45-B829C3D37010}.Debug|Any CPU.Build.0 = Debug|Any CPU
		{1AB55A5A-CDD2-4146-AD45-B829C3D37010}.Debug|x64.ActiveCfg = Debug|Any CPU
		{1AB55A5A-CDD2-4146-AD45-B829C3D37010}.Debug|x64.Build.0 = Debug|Any CPU
		{1AB55A5A-CDD2-4146-AD45-B829C3D37010}.Debug|x86.ActiveCfg = Debug|Any CPU
		{1AB55A5A-CDD2-4146-AD45-B829C3D37010}.Debug|x86.Build.0 = Debug|Any CPU
		{1AB55A5A-CDD2-4146-AD45-B829C3D37010}.Release|Any CPU.ActiveCfg = Release|Any CPU
		{1AB55A5A-CDD2-4146-AD45-B829C3D37010}.Release|Any CPU.Build.0 = Release|Any CPU
		{1AB55A5A-CDD2-4146-AD45-B829C3D37010}.Release|x64.ActiveCfg = Release|Any CPU
		{1AB55A5A-CDD2-4146-AD45-B829C3D37010}.Release|x64.Build.0 = Release|Any CPU
		{1AB55A5A-CDD2-4146-AD45-B829C3D37010}.Release|x86.ActiveCfg = Release|Any CPU
		{1AB55A5A-CDD2-4146-AD45-B829C3D37010}.Release|x86.Build.0 = Release|Any CPU
	EndGlobalSection
	GlobalSection(SolutionProperties) = preSolution
		HideSolutionNode = FALSE
	EndGlobalSection
	GlobalSection(NestedProjects) = preSolution
		{0F47CB6B-9349-8613-A669-BABFD607476F} = {BA58FF10-E1F2-1F22-EED5-4647CFF8BF60}
		{45D0209D-3EA7-7E0A-C4F8-A7CA5C713E86} = {0F47CB6B-9349-8613-A669-BABFD607476F}
		{1BE47E70-28A2-41AC-8912-C8728434EBEC} = {45D0209D-3EA7-7E0A-C4F8-A7CA5C713E86}
		{7091F4AE-BA0F-250C-82BF-97EBFCE88D34} = {0F47CB6B-9349-8613-A669-BABFD607476F}
		{151A8A2C-8C5C-42CA-B536-33341CAD8519} = {7091F4AE-BA0F-250C-82BF-97EBFCE88D34}
		{8857EE48-620A-BC71-0B98-D4DFA992C310} = {B37F513C-AEF7-945D-415B-4E2ADC1C5611}
		{50E49CCB-F8F7-C220-B6E6-C4FDB4C586BA} = {8857EE48-620A-BC71-0B98-D4DFA992C310}
		{29EA59D4-47C5-4C73-B0C8-BBCC1C7AD2F4} = {50E49CCB-F8F7-C220-B6E6-C4FDB4C586BA}
		{6FC337FC-8A2F-6D1A-040E-67090AC5C550} = {8857EE48-620A-BC71-0B98-D4DFA992C310}
		{90E96FCC-3BC1-490A-872F-BE1845D61663} = {6FC337FC-8A2F-6D1A-040E-67090AC5C550}
		{1F0B46A0-82A5-423E-A565-C88A9F5C93E6} = {6FC337FC-8A2F-6D1A-040E-67090AC5C550}
		{1AB55A5A-CDD2-4146-AD45-B829C3D37010} = {50E49CCB-F8F7-C220-B6E6-C4FDB4C586BA}
	EndGlobalSection
EndGlobal
