
Microsoft Visual Studio Solution File, Format Version 12.00
# Visual Studio Version 17
VisualStudioVersion = 17.0.31903.59
MinimumVisualStudioVersion = 10.0.40219.1
Project("{2150E333-8FDC-42A3-9474-1A3956D46DE8}") = "ai", "ai", "{BA58FF10-E1F2-1F22-EED5-4647CFF8BF60}"
EndProject
Project("{2150E333-8FDC-42A3-9474-1A3956D46DE8}") = "openai", "openai", "{0F47CB6B-9349-8613-A669-BABFD607476F}"
EndProject
Project("{2150E333-8FDC-42A3-9474-1A3956D46DE8}") = "src", "src", "{45D0209D-3EA7-7E0A-C4F8-A7CA5C713E86}"
EndProject
Project("{FAE04EC0-301F-11D3-BF4B-00C04F79EFBC}") = "Annium.Integrations.AI.OpenAI", "ai\openai\src\Annium.Integrations.AI.OpenAI\Annium.Integrations.AI.OpenAI.csproj", "{F75B9CBA-5401-4742-AB25-05B6A0CE68F6}"
EndProject
Project("{2150E333-8FDC-42A3-9474-1A3956D46DE8}") = "tests", "tests", "{7091F4AE-BA0F-250C-82BF-97EBFCE88D34}"
EndProject
Project("{FAE04EC0-301F-11D3-BF4B-00C04F79EFBC}") = "Annium.Integrations.AI.OpenAI.Tests", "ai\openai\tests\Annium.Integrations.AI.OpenAI.Tests\Annium.Integrations.AI.OpenAI.Tests.csproj", "{894E5A28-C7C5-49B4-A720-95D9FF817796}"
EndProject
Project("{2150E333-8FDC-42A3-9474-1A3956D46DE8}") = "semantickernel", "semantickernel", "{2CA2F2CE-E877-5E95-1FA6-5CECC91DFC92}"
EndProject
Project("{2150E333-8FDC-42A3-9474-1A3956D46DE8}") = "src", "src", "{BDB13412-DF87-0AE1-D489-04904CE8BD35}"
EndProject
Project("{FAE04EC0-301F-11D3-BF4B-00C04F79EFBC}") = "Annium.Integrations.AI.SemanticKernel", "ai\semantickernel\src\Annium.Integrations.AI.SemanticKernel\Annium.Integrations.AI.SemanticKernel.csproj", "{36A608A9-0179-41B1-A5B8-08A8B9C5229B}"
EndProject
Project("{FAE04EC0-301F-11D3-BF4B-00C04F79EFBC}") = "Annium.Integrations.AI.SemanticKernel.AspNetCore", "ai\semantickernel\src\Annium.Integrations.AI.SemanticKernel.AspNetCore\Annium.Integrations.AI.SemanticKernel.AspNetCore.csproj", "{09278B06-F2BA-4CF9-9B13-2B83960E5138}"
EndProject
Project("{2150E333-8FDC-42A3-9474-1A3956D46DE8}") = "tests", "tests", "{FE016A57-0962-FCEB-B664-7272161ABA92}"
EndProject
Project("{FAE04EC0-301F-11D3-BF4B-00C04F79EFBC}") = "Annium.Integrations.AI.SemanticKernel.Tests", "ai\semantickernel\tests\Annium.Integrations.AI.SemanticKernel.Tests\Annium.Integrations.AI.SemanticKernel.Tests.csproj", "{16330375-1B31-46BB-8639-E78E2C359D49}"
EndProject
Project("{2150E333-8FDC-42A3-9474-1A3956D46DE8}") = "social", "social", "{B37F513C-AEF7-945D-415B-4E2ADC1C5611}"
EndProject
Project("{2150E333-8FDC-42A3-9474-1A3956D46DE8}") = "telegram", "telegram", "{8857EE48-620A-BC71-0B98-D4DFA992C310}"
EndProject
Project("{2150E333-8FDC-42A3-9474-1A3956D46DE8}") = "src", "src", "{50E49CCB-F8F7-C220-B6E6-C4FDB4C586BA}"
EndProject
Project("{FAE04EC0-301F-11D3-BF4B-00C04F79EFBC}") = "Annium.Integrations.Social.Telegram", "social\telegram\src\Annium.Integrations.Social.Telegram\Annium.Integrations.Social.Telegram.csproj", "{6FE6E3E4-848A-48E6-A2FC-459415FBAEA9}"
EndProject
Project("{2150E333-8FDC-42A3-9474-1A3956D46DE8}") = "demo", "demo", "{6FC337FC-8A2F-6D1A-040E-67090AC5C550}"
EndProject
Project("{FAE04EC0-301F-11D3-BF4B-00C04F79EFBC}") = "Annium.Integrations.Social.Telegram.Demo", "social\telegram\demo\Annium.Integrations.Social.Telegram.Demo\Annium.Integrations.Social.Telegram.Demo.csproj", "{F97CC371-3CB8-42CE-B1A6-66EE2FC4C444}"
EndProject
Project("{FAE04EC0-301F-11D3-BF4B-00C04F79EFBC}") = "Annium.Integrations.Social.Telegram.Demo.Obsolete", "social\telegram\demo\Annium.Integrations.Social.Telegram.Demo.Obsolete\Annium.Integrations.Social.Telegram.Demo.Obsolete.csproj", "{CA113F38-ECB5-4BBA-A4DB-096AECFC6693}"
EndProject
Project("{FAE04EC0-301F-11D3-BF4B-00C04F79EFBC}") = "Annium.Integrations.Social.Telegram.Obsolete", "social\telegram\src\Annium.Integrations.Social.Telegram.Obsolete\Annium.Integrations.Social.Telegram.Obsolete.csproj", "{89DE93E6-9BFD-421B-9470-7133CD9DD546}"
EndProject
Global
	GlobalSection(SolutionConfigurationPlatforms) = preSolution
		Debug|Any CPU = Debug|Any CPU
		Debug|x64 = Debug|x64
		Debug|x86 = Debug|x86
		Release|Any CPU = Release|Any CPU
		Release|x64 = Release|x64
		Release|x86 = Release|x86
	EndGlobalSection
	GlobalSection(ProjectConfigurationPlatforms) = postSolution
		{F75B9CBA-5401-4742-AB25-05B6A0CE68F6}.Debug|Any CPU.ActiveCfg = Debug|Any CPU
		{F75B9CBA-5401-4742-AB25-05B6A0CE68F6}.Debug|Any CPU.Build.0 = Debug|Any CPU
		{F75B9CBA-5401-4742-AB25-05B6A0CE68F6}.Debug|x64.ActiveCfg = Debug|Any CPU
		{F75B9CBA-5401-4742-AB25-05B6A0CE68F6}.Debug|x64.Build.0 = Debug|Any CPU
		{F75B9CBA-5401-4742-AB25-05B6A0CE68F6}.Debug|x86.ActiveCfg = Debug|Any CPU
		{F75B9CBA-5401-4742-AB25-05B6A0CE68F6}.Debug|x86.Build.0 = Debug|Any CPU
		{F75B9CBA-5401-4742-AB25-05B6A0CE68F6}.Release|Any CPU.ActiveCfg = Release|Any CPU
		{F75B9CBA-5401-4742-AB25-05B6A0CE68F6}.Release|Any CPU.Build.0 = Release|Any CPU
		{F75B9CBA-5401-4742-AB25-05B6A0CE68F6}.Release|x64.ActiveCfg = Release|Any CPU
		{F75B9CBA-5401-4742-AB25-05B6A0CE68F6}.Release|x64.Build.0 = Release|Any CPU
		{F75B9CBA-5401-4742-AB25-05B6A0CE68F6}.Release|x86.ActiveCfg = Release|Any CPU
		{F75B9CBA-5401-4742-AB25-05B6A0CE68F6}.Release|x86.Build.0 = Release|Any CPU
		{894E5A28-C7C5-49B4-A720-95D9FF817796}.Debug|Any CPU.ActiveCfg = Debug|Any CPU
		{894E5A28-C7C5-49B4-A720-95D9FF817796}.Debug|Any CPU.Build.0 = Debug|Any CPU
		{894E5A28-C7C5-49B4-A720-95D9FF817796}.Debug|x64.ActiveCfg = Debug|Any CPU
		{894E5A28-C7C5-49B4-A720-95D9FF817796}.Debug|x64.Build.0 = Debug|Any CPU
		{894E5A28-C7C5-49B4-A720-95D9FF817796}.Debug|x86.ActiveCfg = Debug|Any CPU
		{894E5A28-C7C5-49B4-A720-95D9FF817796}.Debug|x86.Build.0 = Debug|Any CPU
		{894E5A28-C7C5-49B4-A720-95D9FF817796}.Release|Any CPU.ActiveCfg = Release|Any CPU
		{894E5A28-C7C5-49B4-A720-95D9FF817796}.Release|Any CPU.Build.0 = Release|Any CPU
		{894E5A28-C7C5-49B4-A720-95D9FF817796}.Release|x64.ActiveCfg = Release|Any CPU
		{894E5A28-C7C5-49B4-A720-95D9FF817796}.Release|x64.Build.0 = Release|Any CPU
		{894E5A28-C7C5-49B4-A720-95D9FF817796}.Release|x86.ActiveCfg = Release|Any CPU
		{894E5A28-C7C5-49B4-A720-95D9FF817796}.Release|x86.Build.0 = Release|Any CPU
		{36A608A9-0179-41B1-A5B8-08A8B9C5229B}.Debug|Any CPU.ActiveCfg = Debug|Any CPU
		{36A608A9-0179-41B1-A5B8-08A8B9C5229B}.Debug|Any CPU.Build.0 = Debug|Any CPU
		{36A608A9-0179-41B1-A5B8-08A8B9C5229B}.Debug|x64.ActiveCfg = Debug|Any CPU
		{36A608A9-0179-41B1-A5B8-08A8B9C5229B}.Debug|x64.Build.0 = Debug|Any CPU
		{36A608A9-0179-41B1-A5B8-08A8B9C5229B}.Debug|x86.ActiveCfg = Debug|Any CPU
		{36A608A9-0179-41B1-A5B8-08A8B9C5229B}.Debug|x86.Build.0 = Debug|Any CPU
		{36A608A9-0179-41B1-A5B8-08A8B9C5229B}.Release|Any CPU.ActiveCfg = Release|Any CPU
		{36A608A9-0179-41B1-A5B8-08A8B9C5229B}.Release|Any CPU.Build.0 = Release|Any CPU
		{36A608A9-0179-41B1-A5B8-08A8B9C5229B}.Release|x64.ActiveCfg = Release|Any CPU
		{36A608A9-0179-41B1-A5B8-08A8B9C5229B}.Release|x64.Build.0 = Release|Any CPU
		{36A608A9-0179-41B1-A5B8-08A8B9C5229B}.Release|x86.ActiveCfg = Release|Any CPU
		{36A608A9-0179-41B1-A5B8-08A8B9C5229B}.Release|x86.Build.0 = Release|Any CPU
		{09278B06-F2BA-4CF9-9B13-2B83960E5138}.Debug|Any CPU.ActiveCfg = Debug|Any CPU
		{09278B06-F2BA-4CF9-9B13-2B83960E5138}.Debug|Any CPU.Build.0 = Debug|Any CPU
		{09278B06-F2BA-4CF9-9B13-2B83960E5138}.Debug|x64.ActiveCfg = Debug|Any CPU
		{09278B06-F2BA-4CF9-9B13-2B83960E5138}.Debug|x64.Build.0 = Debug|Any CPU
		{09278B06-F2BA-4CF9-9B13-2B83960E5138}.Debug|x86.ActiveCfg = Debug|Any CPU
		{09278B06-F2BA-4CF9-9B13-2B83960E5138}.Debug|x86.Build.0 = Debug|Any CPU
		{09278B06-F2BA-4CF9-9B13-2B83960E5138}.Release|Any CPU.ActiveCfg = Release|Any CPU
		{09278B06-F2BA-4CF9-9B13-2B83960E5138}.Release|Any CPU.Build.0 = Release|Any CPU
		{09278B06-F2BA-4CF9-9B13-2B83960E5138}.Release|x64.ActiveCfg = Release|Any CPU
		{09278B06-F2BA-4CF9-9B13-2B83960E5138}.Release|x64.Build.0 = Release|Any CPU
		{09278B06-F2BA-4CF9-9B13-2B83960E5138}.Release|x86.ActiveCfg = Release|Any CPU
		{09278B06-F2BA-4CF9-9B13-2B83960E5138}.Release|x86.Build.0 = Release|Any CPU
		{16330375-1B31-46BB-8639-E78E2C359D49}.Debug|Any CPU.ActiveCfg = Debug|Any CPU
		{16330375-1B31-46BB-8639-E78E2C359D49}.Debug|Any CPU.Build.0 = Debug|Any CPU
		{16330375-1B31-46BB-8639-E78E2C359D49}.Debug|x64.ActiveCfg = Debug|Any CPU
		{16330375-1B31-46BB-8639-E78E2C359D49}.Debug|x64.Build.0 = Debug|Any CPU
		{16330375-1B31-46BB-8639-E78E2C359D49}.Debug|x86.ActiveCfg = Debug|Any CPU
		{16330375-1B31-46BB-8639-E78E2C359D49}.Debug|x86.Build.0 = Debug|Any CPU
		{16330375-1B31-46BB-8639-E78E2C359D49}.Release|Any CPU.ActiveCfg = Release|Any CPU
		{16330375-1B31-46BB-8639-E78E2C359D49}.Release|Any CPU.Build.0 = Release|Any CPU
		{16330375-1B31-46BB-8639-E78E2C359D49}.Release|x64.ActiveCfg = Release|Any CPU
		{16330375-1B31-46BB-8639-E78E2C359D49}.Release|x64.Build.0 = Release|Any CPU
		{16330375-1B31-46BB-8639-E78E2C359D49}.Release|x86.ActiveCfg = Release|Any CPU
		{16330375-1B31-46BB-8639-E78E2C359D49}.Release|x86.Build.0 = Release|Any CPU
		{6FE6E3E4-848A-48E6-A2FC-459415FBAEA9}.Debug|Any CPU.ActiveCfg = Debug|Any CPU
		{6FE6E3E4-848A-48E6-A2FC-459415FBAEA9}.Debug|Any CPU.Build.0 = Debug|Any CPU
		{6FE6E3E4-848A-48E6-A2FC-459415FBAEA9}.Debug|x64.ActiveCfg = Debug|Any CPU
		{6FE6E3E4-848A-48E6-A2FC-459415FBAEA9}.Debug|x64.Build.0 = Debug|Any CPU
		{6FE6E3E4-848A-48E6-A2FC-459415FBAEA9}.Debug|x86.ActiveCfg = Debug|Any CPU
		{6FE6E3E4-848A-48E6-A2FC-459415FBAEA9}.Debug|x86.Build.0 = Debug|Any CPU
		{6FE6E3E4-848A-48E6-A2FC-459415FBAEA9}.Release|Any CPU.ActiveCfg = Release|Any CPU
		{6FE6E3E4-848A-48E6-A2FC-459415FBAEA9}.Release|Any CPU.Build.0 = Release|Any CPU
		{6FE6E3E4-848A-48E6-A2FC-459415FBAEA9}.Release|x64.ActiveCfg = Release|Any CPU
		{6FE6E3E4-848A-48E6-A2FC-459415FBAEA9}.Release|x64.Build.0 = Release|Any CPU
		{6FE6E3E4-848A-48E6-A2FC-459415FBAEA9}.Release|x86.ActiveCfg = Release|Any CPU
		{6FE6E3E4-848A-48E6-A2FC-459415FBAEA9}.Release|x86.Build.0 = Release|Any CPU
		{F97CC371-3CB8-42CE-B1A6-66EE2FC4C444}.Debug|Any CPU.ActiveCfg = Debug|Any CPU
		{F97CC371-3CB8-42CE-B1A6-66EE2FC4C444}.Debug|Any CPU.Build.0 = Debug|Any CPU
		{F97CC371-3CB8-42CE-B1A6-66EE2FC4C444}.Debug|x64.ActiveCfg = Debug|Any CPU
		{F97CC371-3CB8-42CE-B1A6-66EE2FC4C444}.Debug|x64.Build.0 = Debug|Any CPU
		{F97CC371-3CB8-42CE-B1A6-66EE2FC4C444}.Debug|x86.ActiveCfg = Debug|Any CPU
		{F97CC371-3CB8-42CE-B1A6-66EE2FC4C444}.Debug|x86.Build.0 = Debug|Any CPU
		{F97CC371-3CB8-42CE-B1A6-66EE2FC4C444}.Release|Any CPU.ActiveCfg = Release|Any CPU
		{F97CC371-3CB8-42CE-B1A6-66EE2FC4C444}.Release|Any CPU.Build.0 = Release|Any CPU
		{F97CC371-3CB8-42CE-B1A6-66EE2FC4C444}.Release|x64.ActiveCfg = Release|Any CPU
		{F97CC371-3CB8-42CE-B1A6-66EE2FC4C444}.Release|x64.Build.0 = Release|Any CPU
		{F97CC371-3CB8-42CE-B1A6-66EE2FC4C444}.Release|x86.ActiveCfg = Release|Any CPU
		{F97CC371-3CB8-42CE-B1A6-66EE2FC4C444}.Release|x86.Build.0 = Release|Any CPU
		{CA113F38-ECB5-4BBA-A4DB-096AECFC6693}.Debug|Any CPU.ActiveCfg = Debug|Any CPU
		{CA113F38-ECB5-4BBA-A4DB-096AECFC6693}.Debug|Any CPU.Build.0 = Debug|Any CPU
		{CA113F38-ECB5-4BBA-A4DB-096AECFC6693}.Debug|x64.ActiveCfg = Debug|Any CPU
		{CA113F38-ECB5-4BBA-A4DB-096AECFC6693}.Debug|x64.Build.0 = Debug|Any CPU
		{CA113F38-ECB5-4BBA-A4DB-096AECFC6693}.Debug|x86.ActiveCfg = Debug|Any CPU
		{CA113F38-ECB5-4BBA-A4DB-096AECFC6693}.Debug|x86.Build.0 = Debug|Any CPU
		{CA113F38-ECB5-4BBA-A4DB-096AECFC6693}.Release|Any CPU.ActiveCfg = Release|Any CPU
		{CA113F38-ECB5-4BBA-A4DB-096AECFC6693}.Release|Any CPU.Build.0 = Release|Any CPU
		{CA113F38-ECB5-4BBA-A4DB-096AECFC6693}.Release|x64.ActiveCfg = Release|Any CPU
		{CA113F38-ECB5-4BBA-A4DB-096AECFC6693}.Release|x64.Build.0 = Release|Any CPU
		{CA113F38-ECB5-4BBA-A4DB-096AECFC6693}.Release|x86.ActiveCfg = Release|Any CPU
		{CA113F38-ECB5-4BBA-A4DB-096AECFC6693}.Release|x86.Build.0 = Release|Any CPU
		{89DE93E6-9BFD-421B-9470-7133CD9DD546}.Debug|Any CPU.ActiveCfg = Debug|Any CPU
		{89DE93E6-9BFD-421B-9470-7133CD9DD546}.Debug|Any CPU.Build.0 = Debug|Any CPU
		{89DE93E6-9BFD-421B-9470-7133CD9DD546}.Debug|x64.ActiveCfg = Debug|Any CPU
		{89DE93E6-9BFD-421B-9470-7133CD9DD546}.Debug|x64.Build.0 = Debug|Any CPU
		{89DE93E6-9BFD-421B-9470-7133CD9DD546}.Debug|x86.ActiveCfg = Debug|Any CPU
		{89DE93E6-9BFD-421B-9470-7133CD9DD546}.Debug|x86.Build.0 = Debug|Any CPU
		{89DE93E6-9BFD-421B-9470-7133CD9DD546}.Release|Any CPU.ActiveCfg = Release|Any CPU
		{89DE93E6-9BFD-421B-9470-7133CD9DD546}.Release|Any CPU.Build.0 = Release|Any CPU
		{89DE93E6-9BFD-421B-9470-7133CD9DD546}.Release|x64.ActiveCfg = Release|Any CPU
		{89DE93E6-9BFD-421B-9470-7133CD9DD546}.Release|x64.Build.0 = Release|Any CPU
		{89DE93E6-9BFD-421B-9470-7133CD9DD546}.Release|x86.ActiveCfg = Release|Any CPU
		{89DE93E6-9BFD-421B-9470-7133CD9DD546}.Release|x86.Build.0 = Release|Any CPU
	EndGlobalSection
	GlobalSection(SolutionProperties) = preSolution
		HideSolutionNode = FALSE
	EndGlobalSection
	GlobalSection(NestedProjects) = preSolution
		{0F47CB6B-9349-8613-A669-BABFD607476F} = {BA58FF10-E1F2-1F22-EED5-4647CFF8BF60}
		{45D0209D-3EA7-7E0A-C4F8-A7CA5C713E86} = {0F47CB6B-9349-8613-A669-BABFD607476F}
		{F75B9CBA-5401-4742-AB25-05B6A0CE68F6} = {45D0209D-3EA7-7E0A-C4F8-A7CA5C713E86}
		{7091F4AE-BA0F-250C-82BF-97EBFCE88D34} = {0F47CB6B-9349-8613-A669-BABFD607476F}
		{894E5A28-C7C5-49B4-A720-95D9FF817796} = {7091F4AE-BA0F-250C-82BF-97EBFCE88D34}
		{2CA2F2CE-E877-5E95-1FA6-5CECC91DFC92} = {BA58FF10-E1F2-1F22-EED5-4647CFF8BF60}
		{BDB13412-DF87-0AE1-D489-04904CE8BD35} = {2CA2F2CE-E877-5E95-1FA6-5CECC91DFC92}
		{36A608A9-0179-41B1-A5B8-08A8B9C5229B} = {BDB13412-DF87-0AE1-D489-04904CE8BD35}
		{09278B06-F2BA-4CF9-9B13-2B83960E5138} = {BDB13412-DF87-0AE1-D489-04904CE8BD35}
		{FE016A57-0962-FCEB-B664-7272161ABA92} = {2CA2F2CE-E877-5E95-1FA6-5CECC91DFC92}
		{16330375-1B31-46BB-8639-E78E2C359D49} = {FE016A57-0962-FCEB-B664-7272161ABA92}
		{8857EE48-620A-BC71-0B98-D4DFA992C310} = {B37F513C-AEF7-945D-415B-4E2ADC1C5611}
		{50E49CCB-F8F7-C220-B6E6-C4FDB4C586BA} = {8857EE48-620A-BC71-0B98-D4DFA992C310}
		{6FE6E3E4-848A-48E6-A2FC-459415FBAEA9} = {50E49CCB-F8F7-C220-B6E6-C4FDB4C586BA}
		{6FC337FC-8A2F-6D1A-040E-67090AC5C550} = {8857EE48-620A-BC71-0B98-D4DFA992C310}
		{F97CC371-3CB8-42CE-B1A6-66EE2FC4C444} = {6FC337FC-8A2F-6D1A-040E-67090AC5C550}
		{CA113F38-ECB5-4BBA-A4DB-096AECFC6693} = {6FC337FC-8A2F-6D1A-040E-67090AC5C550}
		{89DE93E6-9BFD-421B-9470-7133CD9DD546} = {50E49CCB-F8F7-C220-B6E6-C4FDB4C586BA}
	EndGlobalSection
EndGlobal
